
Microsoft Visual Studio Solution File, Format Version 12.00
# Visual Studio 15
VisualStudioVersion = 15.0.28306.52
MinimumVisualStudioVersion = 10.0.40219.1
Project("{FAE04EC0-301F-11D3-BF4B-00C04F79EFBC}") = "Kesmai.WorldForge", "Kesmai.WorldForge\Kesmai.WorldForge.csproj", "{7265983C-ED63-4458-9B85-05CE0A58B296}"
EndProject
Global
	GlobalSection(SolutionConfigurationPlatforms) = preSolution
		Release|Any CPU = Release|Any CPU
		Debug|Any CPU = Debug|Any CPU
	EndGlobalSection
	GlobalSection(ProjectConfigurationPlatforms) = postSolution
		{7265983C-ED63-4458-9B85-05CE0A58B296}.Release|Any CPU.ActiveCfg = Release|Any CPU
		{7265983C-ED63-4458-9B85-05CE0A58B296}.Release|Any CPU.Build.0 = Release|Any CPU
		{7265983C-ED63-4458-9B85-05CE0A58B296}.Debug|Any CPU.ActiveCfg = Debug|Any CPU
		{7265983C-ED63-4458-9B85-05CE0A58B296}.Debug|Any CPU.Build.0 = Debug|Any CPU
	EndGlobalSection
	GlobalSection(SolutionProperties) = preSolution
		HideSolutionNode = FALSE
	EndGlobalSection
	GlobalSection(NestedProjects) = preSolution
	EndGlobalSection
	GlobalSection(ExtensibilityGlobals) = postSolution
		SolutionGuid = {AE8DDC90-D164-4DD6-A534-E36B7CD97973}
	EndGlobalSection
EndGlobal
